
Microsoft Visual Studio Solution File, Format Version 10.00
# Visual Studio 2008
Project("{FAE04EC0-301F-11D3-BF4B-00C04F79EFBC}") = "Syncless", "Syncless\Syncless.csproj", "{79C1CBE7-297A-4820-A2D9-BE3507B8EF19}"
EndProject
Project("{FAE04EC0-301F-11D3-BF4B-00C04F79EFBC}") = "SynclessSeamlessTester", "SynclessSeamlessTester\SynclessSeamlessTester.csproj", "{80990310-C1A4-4D33-850A-C79F292870DC}"
EndProject
Project("{FAE04EC0-301F-11D3-BF4B-00C04F79EFBC}") = "SynclessTaggingTester", "SynclessTaggingTester\SynclessTaggingTester.csproj", "{4C05DA54-F9FE-499E-841F-DA928EB250E6}"
EndProject
Project("{FAE04EC0-301F-11D3-BF4B-00C04F79EFBC}") = "Components", "Components\Components.csproj", "{35EE849A-D068-4416-A48B-8CCA93274E42}"
EndProject
Project("{FAE04EC0-301F-11D3-BF4B-00C04F79EFBC}") = "SynclessTimeSync", "SynclessTimeSync\SynclessTimeSync.csproj", "{45A5307C-F362-4E51-A447-B42240C9E019}"
EndProject
Project("{FAE04EC0-301F-11D3-BF4B-00C04F79EFBC}") = "SynclessTimeSyncTester", "SynclessTimeSyncTester\SynclessTimeSyncTester.csproj", "{63CA04A8-5665-49FA-AD87-A4C377DF51DD}"
EndProject
Project("{FAE04EC0-301F-11D3-BF4B-00C04F79EFBC}") = "SynclessUI", "SynclessUI\SynclessUI.csproj", "{58E56B65-AA7B-44DB-AD71-3D36A069F5EF}"
EndProject
Project("{FAE04EC0-301F-11D3-BF4B-00C04F79EFBC}") = "SynclessUpdateChecker", "SynclessUpdateChecker\SynclessUpdateChecker.csproj", "{6ACA7F33-8C30-4E62-8B51-93E5D1C5101E}"
EndProject
Global
	GlobalSection(SolutionConfigurationPlatforms) = preSolution
		Debug|Any CPU = Debug|Any CPU
		Release|Any CPU = Release|Any CPU
	EndGlobalSection
	GlobalSection(ProjectConfigurationPlatforms) = postSolution
		{79C1CBE7-297A-4820-A2D9-BE3507B8EF19}.Debug|Any CPU.ActiveCfg = Debug|Any CPU
		{79C1CBE7-297A-4820-A2D9-BE3507B8EF19}.Debug|Any CPU.Build.0 = Debug|Any CPU
		{79C1CBE7-297A-4820-A2D9-BE3507B8EF19}.Release|Any CPU.ActiveCfg = Release|Any CPU
		{79C1CBE7-297A-4820-A2D9-BE3507B8EF19}.Release|Any CPU.Build.0 = Release|Any CPU
		{80990310-C1A4-4D33-850A-C79F292870DC}.Debug|Any CPU.ActiveCfg = Debug|Any CPU
		{80990310-C1A4-4D33-850A-C79F292870DC}.Debug|Any CPU.Build.0 = Debug|Any CPU
		{80990310-C1A4-4D33-850A-C79F292870DC}.Release|Any CPU.ActiveCfg = Release|Any CPU
		{80990310-C1A4-4D33-850A-C79F292870DC}.Release|Any CPU.Build.0 = Release|Any CPU
		{4C05DA54-F9FE-499E-841F-DA928EB250E6}.Debug|Any CPU.ActiveCfg = Debug|Any CPU
		{4C05DA54-F9FE-499E-841F-DA928EB250E6}.Debug|Any CPU.Build.0 = Debug|Any CPU
		{4C05DA54-F9FE-499E-841F-DA928EB250E6}.Release|Any CPU.ActiveCfg = Release|Any CPU
		{4C05DA54-F9FE-499E-841F-DA928EB250E6}.Release|Any CPU.Build.0 = Release|Any CPU
		{35EE849A-D068-4416-A48B-8CCA93274E42}.Debug|Any CPU.ActiveCfg = Debug|Any CPU
		{35EE849A-D068-4416-A48B-8CCA93274E42}.Debug|Any CPU.Build.0 = Debug|Any CPU
		{35EE849A-D068-4416-A48B-8CCA93274E42}.Release|Any CPU.ActiveCfg = Release|Any CPU
		{35EE849A-D068-4416-A48B-8CCA93274E42}.Release|Any CPU.Build.0 = Release|Any CPU
		{45A5307C-F362-4E51-A447-B42240C9E019}.Debug|Any CPU.ActiveCfg = Debug|Any CPU
		{45A5307C-F362-4E51-A447-B42240C9E019}.Debug|Any CPU.Build.0 = Debug|Any CPU
		{45A5307C-F362-4E51-A447-B42240C9E019}.Release|Any CPU.ActiveCfg = Release|Any CPU
		{45A5307C-F362-4E51-A447-B42240C9E019}.Release|Any CPU.Build.0 = Release|Any CPU
		{63CA04A8-5665-49FA-AD87-A4C377DF51DD}.Debug|Any CPU.ActiveCfg = Debug|Any CPU
		{63CA04A8-5665-49FA-AD87-A4C377DF51DD}.Debug|Any CPU.Build.0 = Debug|Any CPU
		{63CA04A8-5665-49FA-AD87-A4C377DF51DD}.Release|Any CPU.ActiveCfg = Release|Any CPU
		{63CA04A8-5665-49FA-AD87-A4C377DF51DD}.Release|Any CPU.Build.0 = Release|Any CPU
		{58E56B65-AA7B-44DB-AD71-3D36A069F5EF}.Debug|Any CPU.ActiveCfg = Debug|Any CPU
		{58E56B65-AA7B-44DB-AD71-3D36A069F5EF}.Debug|Any CPU.Build.0 = Debug|Any CPU
		{58E56B65-AA7B-44DB-AD71-3D36A069F5EF}.Release|Any CPU.ActiveCfg = Release|Any CPU
		{58E56B65-AA7B-44DB-AD71-3D36A069F5EF}.Release|Any CPU.Build.0 = Release|Any CPU
		{6ACA7F33-8C30-4E62-8B51-93E5D1C5101E}.Debug|Any CPU.ActiveCfg = Debug|Any CPU
		{6ACA7F33-8C30-4E62-8B51-93E5D1C5101E}.Debug|Any CPU.Build.0 = Debug|Any CPU
		{6ACA7F33-8C30-4E62-8B51-93E5D1C5101E}.Release|Any CPU.ActiveCfg = Release|Any CPU
		{6ACA7F33-8C30-4E62-8B51-93E5D1C5101E}.Release|Any CPU.Build.0 = Release|Any CPU
	EndGlobalSection
	GlobalSection(SolutionProperties) = preSolution
		HideSolutionNode = FALSE
	EndGlobalSection
EndGlobal
