
Microsoft Visual Studio Solution File, Format Version 10.00
# Visual Studio 2008
Project("{FAE04EC0-301F-11D3-BF4B-00C04F79EFBC}") = "Syncless", "Syncless\Syncless.csproj", "{79C1CBE7-297A-4820-A2D9-BE3507B8EF19}"
EndProject
Project("{FAE04EC0-301F-11D3-BF4B-00C04F79EFBC}") = "SynclessUI", "SynclessUI\SynclessUI.csproj", "{58E56B65-AA7B-44DB-AD71-3D36A069F5EF}"
EndProject
Project("{FAE04EC0-301F-11D3-BF4B-00C04F79EFBC}") = "CleanUrRegistry", "CleanUrRegistry\CleanUrRegistry.csproj", "{8D3343EE-E901-43BB-A609-BEFF3A236AC4}"
EndProject
Project("{FAE04EC0-301F-11D3-BF4B-00C04F79EFBC}") = "CompareAndSync", "CompareAndSync\CompareAndSync.csproj", "{034D7210-7DD3-44D8-8269-56D8C4D30DED}"
EndProject
Project("{FAE04EC0-301F-11D3-BF4B-00C04F79EFBC}") = "Create500", "Create500\Create500.csproj", "{DE19C657-73B2-4CC1-AD13-5748BF8DCEEC}"
EndProject
Global
	GlobalSection(SolutionConfigurationPlatforms) = preSolution
		Debug|Any CPU = Debug|Any CPU
		Release|Any CPU = Release|Any CPU
	EndGlobalSection
	GlobalSection(ProjectConfigurationPlatforms) = postSolution
		{79C1CBE7-297A-4820-A2D9-BE3507B8EF19}.Debug|Any CPU.ActiveCfg = Debug|Any CPU
		{79C1CBE7-297A-4820-A2D9-BE3507B8EF19}.Debug|Any CPU.Build.0 = Debug|Any CPU
		{79C1CBE7-297A-4820-A2D9-BE3507B8EF19}.Release|Any CPU.ActiveCfg = Release|Any CPU
		{79C1CBE7-297A-4820-A2D9-BE3507B8EF19}.Release|Any CPU.Build.0 = Release|Any CPU
		{58E56B65-AA7B-44DB-AD71-3D36A069F5EF}.Debug|Any CPU.ActiveCfg = Debug|Any CPU
		{58E56B65-AA7B-44DB-AD71-3D36A069F5EF}.Debug|Any CPU.Build.0 = Debug|Any CPU
		{58E56B65-AA7B-44DB-AD71-3D36A069F5EF}.Release|Any CPU.ActiveCfg = Release|Any CPU
		{58E56B65-AA7B-44DB-AD71-3D36A069F5EF}.Release|Any CPU.Build.0 = Release|Any CPU
		{8D3343EE-E901-43BB-A609-BEFF3A236AC4}.Debug|Any CPU.ActiveCfg = Debug|Any CPU
		{8D3343EE-E901-43BB-A609-BEFF3A236AC4}.Debug|Any CPU.Build.0 = Debug|Any CPU
		{8D3343EE-E901-43BB-A609-BEFF3A236AC4}.Release|Any CPU.ActiveCfg = Release|Any CPU
		{8D3343EE-E901-43BB-A609-BEFF3A236AC4}.Release|Any CPU.Build.0 = Release|Any CPU
		{034D7210-7DD3-44D8-8269-56D8C4D30DED}.Debug|Any CPU.ActiveCfg = Debug|Any CPU
		{034D7210-7DD3-44D8-8269-56D8C4D30DED}.Debug|Any CPU.Build.0 = Debug|Any CPU
		{034D7210-7DD3-44D8-8269-56D8C4D30DED}.Release|Any CPU.ActiveCfg = Release|Any CPU
		{034D7210-7DD3-44D8-8269-56D8C4D30DED}.Release|Any CPU.Build.0 = Release|Any CPU
		{DE19C657-73B2-4CC1-AD13-5748BF8DCEEC}.Debug|Any CPU.ActiveCfg = Debug|Any CPU
		{DE19C657-73B2-4CC1-AD13-5748BF8DCEEC}.Debug|Any CPU.Build.0 = Debug|Any CPU
		{DE19C657-73B2-4CC1-AD13-5748BF8DCEEC}.Release|Any CPU.ActiveCfg = Release|Any CPU
		{DE19C657-73B2-4CC1-AD13-5748BF8DCEEC}.Release|Any CPU.Build.0 = Release|Any CPU
	EndGlobalSection
	GlobalSection(SolutionProperties) = preSolution
		HideSolutionNode = FALSE
	EndGlobalSection
EndGlobal
