
Microsoft Visual Studio Solution File, Format Version 10.00
# Visual Studio 2008
Project("{FAE04EC0-301F-11D3-BF4B-00C04F79EFBC}") = "Syncless", "Syncless\Syncless.csproj", "{79C1CBE7-297A-4820-A2D9-BE3507B8EF19}"
EndProject
Project("{FAE04EC0-301F-11D3-BF4B-00C04F79EFBC}") = "SynclessUI", "SynclessUI\SynclessUI.csproj", "{58E56B65-AA7B-44DB-AD71-3D36A069F5EF}"
EndProject
Project("{2150E333-8FDC-42A3-9474-1A3956D46DE8}") = "Solution Items", "Solution Items", "{2023ADB2-F860-4543-B267-54A6FD9D7927}"
	ProjectSection(SolutionItems) = preProject
		LocalTestRun.testrunconfig = LocalTestRun.testrunconfig
		Syncless.vsmdi = Syncless.vsmdi
		Syncless1.vsmdi = Syncless1.vsmdi
	EndProjectSection
EndProject
Project("{FAE04EC0-301F-11D3-BF4B-00C04F79EFBC}") = "CASUnitTest", "CASUnitTest\CASUnitTest.csproj", "{1E0A1558-0944-4DB4-AFCD-9E4A0B31560D}"
EndProject
Project("{FAE04EC0-301F-11D3-BF4B-00C04F79EFBC}") = "CompareAndSyncTestDriver", "CompareAndSyncTestDriver\CompareAndSyncTestDriver.csproj", "{ED444E23-7C98-4477-BAA2-A1D676FD7509}"
EndProject
Global
	GlobalSection(TestCaseManagementSettings) = postSolution
		CategoryFile = Syncless1.vsmdi
	EndGlobalSection
	GlobalSection(SolutionConfigurationPlatforms) = preSolution
		Debug|Any CPU = Debug|Any CPU
		Debug|Mixed Platforms = Debug|Mixed Platforms
		Debug|Win32 = Debug|Win32
		Release|Any CPU = Release|Any CPU
		Release|Mixed Platforms = Release|Mixed Platforms
		Release|Win32 = Release|Win32
	EndGlobalSection
	GlobalSection(ProjectConfigurationPlatforms) = postSolution
		{79C1CBE7-297A-4820-A2D9-BE3507B8EF19}.Debug|Any CPU.ActiveCfg = Debug|Any CPU
		{79C1CBE7-297A-4820-A2D9-BE3507B8EF19}.Debug|Any CPU.Build.0 = Debug|Any CPU
		{79C1CBE7-297A-4820-A2D9-BE3507B8EF19}.Debug|Mixed Platforms.ActiveCfg = Debug|Any CPU
		{79C1CBE7-297A-4820-A2D9-BE3507B8EF19}.Debug|Mixed Platforms.Build.0 = Debug|Any CPU
		{79C1CBE7-297A-4820-A2D9-BE3507B8EF19}.Debug|Win32.ActiveCfg = Debug|Any CPU
		{79C1CBE7-297A-4820-A2D9-BE3507B8EF19}.Release|Any CPU.ActiveCfg = Release|Any CPU
		{79C1CBE7-297A-4820-A2D9-BE3507B8EF19}.Release|Any CPU.Build.0 = Release|Any CPU
		{79C1CBE7-297A-4820-A2D9-BE3507B8EF19}.Release|Mixed Platforms.ActiveCfg = Release|Any CPU
		{79C1CBE7-297A-4820-A2D9-BE3507B8EF19}.Release|Mixed Platforms.Build.0 = Release|Any CPU
		{79C1CBE7-297A-4820-A2D9-BE3507B8EF19}.Release|Win32.ActiveCfg = Release|Any CPU
		{58E56B65-AA7B-44DB-AD71-3D36A069F5EF}.Debug|Any CPU.ActiveCfg = Debug|Any CPU
		{58E56B65-AA7B-44DB-AD71-3D36A069F5EF}.Debug|Any CPU.Build.0 = Debug|Any CPU
		{58E56B65-AA7B-44DB-AD71-3D36A069F5EF}.Debug|Mixed Platforms.ActiveCfg = Debug|Any CPU
		{58E56B65-AA7B-44DB-AD71-3D36A069F5EF}.Debug|Mixed Platforms.Build.0 = Debug|Any CPU
		{58E56B65-AA7B-44DB-AD71-3D36A069F5EF}.Debug|Win32.ActiveCfg = Debug|Any CPU
		{58E56B65-AA7B-44DB-AD71-3D36A069F5EF}.Release|Any CPU.ActiveCfg = Release|Any CPU
		{58E56B65-AA7B-44DB-AD71-3D36A069F5EF}.Release|Any CPU.Build.0 = Release|Any CPU
		{58E56B65-AA7B-44DB-AD71-3D36A069F5EF}.Release|Mixed Platforms.ActiveCfg = Release|Any CPU
		{58E56B65-AA7B-44DB-AD71-3D36A069F5EF}.Release|Mixed Platforms.Build.0 = Release|Any CPU
		{58E56B65-AA7B-44DB-AD71-3D36A069F5EF}.Release|Win32.ActiveCfg = Release|Any CPU
		{1E0A1558-0944-4DB4-AFCD-9E4A0B31560D}.Debug|Any CPU.ActiveCfg = Debug|Any CPU
		{1E0A1558-0944-4DB4-AFCD-9E4A0B31560D}.Debug|Any CPU.Build.0 = Debug|Any CPU
		{1E0A1558-0944-4DB4-AFCD-9E4A0B31560D}.Debug|Mixed Platforms.ActiveCfg = Debug|Any CPU
		{1E0A1558-0944-4DB4-AFCD-9E4A0B31560D}.Debug|Win32.ActiveCfg = Debug|Any CPU
		{1E0A1558-0944-4DB4-AFCD-9E4A0B31560D}.Release|Any CPU.ActiveCfg = Release|Any CPU
		{1E0A1558-0944-4DB4-AFCD-9E4A0B31560D}.Release|Any CPU.Build.0 = Release|Any CPU
		{1E0A1558-0944-4DB4-AFCD-9E4A0B31560D}.Release|Mixed Platforms.ActiveCfg = Release|Any CPU
		{1E0A1558-0944-4DB4-AFCD-9E4A0B31560D}.Release|Win32.ActiveCfg = Release|Any CPU
		{ED444E23-7C98-4477-BAA2-A1D676FD7509}.Debug|Any CPU.ActiveCfg = Debug|Any CPU
		{ED444E23-7C98-4477-BAA2-A1D676FD7509}.Debug|Any CPU.Build.0 = Debug|Any CPU
		{ED444E23-7C98-4477-BAA2-A1D676FD7509}.Debug|Mixed Platforms.ActiveCfg = Debug|Any CPU
		{ED444E23-7C98-4477-BAA2-A1D676FD7509}.Debug|Mixed Platforms.Build.0 = Debug|Any CPU
		{ED444E23-7C98-4477-BAA2-A1D676FD7509}.Debug|Win32.ActiveCfg = Debug|Any CPU
		{ED444E23-7C98-4477-BAA2-A1D676FD7509}.Release|Any CPU.ActiveCfg = Release|Any CPU
		{ED444E23-7C98-4477-BAA2-A1D676FD7509}.Release|Any CPU.Build.0 = Release|Any CPU
		{ED444E23-7C98-4477-BAA2-A1D676FD7509}.Release|Mixed Platforms.ActiveCfg = Release|Any CPU
		{ED444E23-7C98-4477-BAA2-A1D676FD7509}.Release|Mixed Platforms.Build.0 = Release|Any CPU
		{ED444E23-7C98-4477-BAA2-A1D676FD7509}.Release|Win32.ActiveCfg = Release|Any CPU
	EndGlobalSection
	GlobalSection(SolutionProperties) = preSolution
		HideSolutionNode = FALSE
	EndGlobalSection
EndGlobal
