
Microsoft Visual Studio Solution File, Format Version 10.00
# Visual Studio 2008
Project("{FAE04EC0-301F-11D3-BF4B-00C04F79EFBC}") = "SynclessUI", "SynclessUI\SynclessUI.csproj", "{58E56B65-AA7B-44DB-AD71-3D36A069F5EF}"
EndProject
Project("{FAE04EC0-301F-11D3-BF4B-00C04F79EFBC}") = "Syncless", "Syncless\Syncless.csproj", "{79C1CBE7-297A-4820-A2D9-BE3507B8EF19}"
EndProject
Project("{FAE04EC0-301F-11D3-BF4B-00C04F79EFBC}") = "CG Testing", "CG Testing\CG Testing.csproj", "{10255E44-3F32-45BD-8754-459C837E1223}"
EndProject
Global
	GlobalSection(SolutionConfigurationPlatforms) = preSolution
		Debug|Any CPU = Debug|Any CPU
		Release|Any CPU = Release|Any CPU
	EndGlobalSection
	GlobalSection(ProjectConfigurationPlatforms) = postSolution
		{58E56B65-AA7B-44DB-AD71-3D36A069F5EF}.Debug|Any CPU.ActiveCfg = Debug|Any CPU
		{58E56B65-AA7B-44DB-AD71-3D36A069F5EF}.Debug|Any CPU.Build.0 = Debug|Any CPU
		{58E56B65-AA7B-44DB-AD71-3D36A069F5EF}.Release|Any CPU.ActiveCfg = Release|Any CPU
		{58E56B65-AA7B-44DB-AD71-3D36A069F5EF}.Release|Any CPU.Build.0 = Release|Any CPU
		{79C1CBE7-297A-4820-A2D9-BE3507B8EF19}.Debug|Any CPU.ActiveCfg = Debug|Any CPU
		{79C1CBE7-297A-4820-A2D9-BE3507B8EF19}.Debug|Any CPU.Build.0 = Debug|Any CPU
		{79C1CBE7-297A-4820-A2D9-BE3507B8EF19}.Release|Any CPU.ActiveCfg = Release|Any CPU
		{79C1CBE7-297A-4820-A2D9-BE3507B8EF19}.Release|Any CPU.Build.0 = Release|Any CPU
		{10255E44-3F32-45BD-8754-459C837E1223}.Debug|Any CPU.ActiveCfg = Debug|Any CPU
		{10255E44-3F32-45BD-8754-459C837E1223}.Debug|Any CPU.Build.0 = Debug|Any CPU
		{10255E44-3F32-45BD-8754-459C837E1223}.Release|Any CPU.ActiveCfg = Release|Any CPU
		{10255E44-3F32-45BD-8754-459C837E1223}.Release|Any CPU.Build.0 = Release|Any CPU
	EndGlobalSection
	GlobalSection(SolutionProperties) = preSolution
		HideSolutionNode = FALSE
	EndGlobalSection
EndGlobal
